// !$*UTF8*$!
{
	archiveVersion = 1;
	classes = {
	};
	objectVersion = 50;
	objects = {

/* Begin PBXBuildFile section */
		F291FAC7235E65D500ADD095 /* AppDelegate.swift in Sources */ = {isa = PBXBuildFile; fileRef = F291FAC6235E65D500ADD095 /* AppDelegate.swift */; };
		F291FAC9235E65D500ADD095 /* SceneDelegate.swift in Sources */ = {isa = PBXBuildFile; fileRef = F291FAC8235E65D500ADD095 /* SceneDelegate.swift */; };
		F291FACB235E65D500ADD095 /* ViewController.swift in Sources */ = {isa = PBXBuildFile; fileRef = F291FACA235E65D500ADD095 /* ViewController.swift */; };
		F291FAD0235E65D600ADD095 /* Assets.xcassets in Resources */ = {isa = PBXBuildFile; fileRef = F291FACF235E65D600ADD095 /* Assets.xcassets */; };
		F291FAD3235E65D600ADD095 /* LaunchScreen.storyboard in Resources */ = {isa = PBXBuildFile; fileRef = F291FAD1235E65D600ADD095 /* LaunchScreen.storyboard */; };
		F2E4FEB5235E825800A01960 /* CustomCell.swift in Sources */ = {isa = PBXBuildFile; fileRef = F2E4FEB4235E825800A01960 /* CustomCell.swift */; };
/* End PBXBuildFile section */

/* Begin PBXFileReference section */
		F291FAC3235E65D500ADD095 /* ContributorProfileRh.app */ = {isa = PBXFileReference; explicitFileType = wrapper.application; includeInIndex = 0; path = ContributorProfileRh.app; sourceTree = BUILT_PRODUCTS_DIR; };
		F291FAC6235E65D500ADD095 /* AppDelegate.swift */ = {isa = PBXFileReference; lastKnownFileType = sourcecode.swift; path = AppDelegate.swift; sourceTree = "<group>"; };
		F291FAC8235E65D500ADD095 /* SceneDelegate.swift */ = {isa = PBXFileReference; lastKnownFileType = sourcecode.swift; path = SceneDelegate.swift; sourceTree = "<group>"; };
		F291FACA235E65D500ADD095 /* ViewController.swift */ = {isa = PBXFileReference; lastKnownFileType = sourcecode.swift; path = ViewController.swift; sourceTree = "<group>"; };
		F291FACF235E65D600ADD095 /* Assets.xcassets */ = {isa = PBXFileReference; lastKnownFileType = folder.assetcatalog; path = Assets.xcassets; sourceTree = "<group>"; };
		F291FAD2235E65D600ADD095 /* Base */ = {isa = PBXFileReference; lastKnownFileType = file.storyboard; name = Base; path = Base.lproj/LaunchScreen.storyboard; sourceTree = "<group>"; };
		F291FAD4235E65D600ADD095 /* Info.plist */ = {isa = PBXFileReference; lastKnownFileType = text.plist.xml; path = Info.plist; sourceTree = "<group>"; };
		F2E4FEB4235E825800A01960 /* CustomCell.swift */ = {isa = PBXFileReference; lastKnownFileType = sourcecode.swift; path = CustomCell.swift; sourceTree = "<group>"; };
/* End PBXFileReference section */

/* Begin PBXFrameworksBuildPhase section */
		F291FAC0235E65D500ADD095 /* Frameworks */ = {
			isa = PBXFrameworksBuildPhase;
			buildActionMask = 2147483647;
			files = (
			);
			runOnlyForDeploymentPostprocessing = 0;
		};
/* End PBXFrameworksBuildPhase section */

/* Begin PBXGroup section */
		F291FABA235E65D500ADD095 = {
			isa = PBXGroup;
			children = (
				F291FAC5235E65D500ADD095 /* ContributorProfileRh */,
				F291FAC4235E65D500ADD095 /* Products */,
			);
			sourceTree = "<group>";
		};
		F291FAC4235E65D500ADD095 /* Products */ = {
			isa = PBXGroup;
			children = (
				F291FAC3235E65D500ADD095 /* ContributorProfileRh.app */,
			);
			name = Products;
			sourceTree = "<group>";
		};
		F291FAC5235E65D500ADD095 /* ContributorProfileRh */ = {
			isa = PBXGroup;
			children = (
				F291FAC6235E65D500ADD095 /* AppDelegate.swift */,
				F291FAC8235E65D500ADD095 /* SceneDelegate.swift */,
				F2E4FEB4235E825800A01960 /* CustomCell.swift */,
				F291FACA235E65D500ADD095 /* ViewController.swift */,
				F291FACF235E65D600ADD095 /* Assets.xcassets */,
				F291FAD1235E65D600ADD095 /* LaunchScreen.storyboard */,
				F291FAD4235E65D600ADD095 /* Info.plist */,
			);
			path = ContributorProfileRh;
			sourceTree = "<group>";
		};
/* End PBXGroup section */

/* Begin PBXNativeTarget section */
		F291FAC2235E65D500ADD095 /* ContributorProfileRh */ = {
			isa = PBXNativeTarget;
			buildConfigurationList = F291FAD7235E65D600ADD095 /* Build configuration list for PBXNativeTarget "ContributorProfileRh" */;
			buildPhases = (
				F291FABF235E65D500ADD095 /* Sources */,
				F291FAC0235E65D500ADD095 /* Frameworks */,
				F291FAC1235E65D500ADD095 /* Resources */,
			);
			buildRules = (
			);
			dependencies = (
			);
			name = ContributorProfileRh;
			productName = ContributorProfileRh;
			productReference = F291FAC3235E65D500ADD095 /* ContributorProfileRh.app */;
			productType = "com.apple.product-type.application";
		};
/* End PBXNativeTarget section */

/* Begin PBXProject section */
		F291FABB235E65D500ADD095 /* Project object */ = {
			isa = PBXProject;
			attributes = {
				LastSwiftUpdateCheck = 1110;
				LastUpgradeCheck = 1110;
				ORGANIZATIONNAME = "Rafael Freitas";
				TargetAttributes = {
					F291FAC2235E65D500ADD095 = {
						CreatedOnToolsVersion = 11.1;
					};
				};
			};
			buildConfigurationList = F291FABE235E65D500ADD095 /* Build configuration list for PBXProject "ContributorProfileRh" */;
			compatibilityVersion = "Xcode 9.3";
			developmentRegion = en;
			hasScannedForEncodings = 0;
			knownRegions = (
				en,
				Base,
			);
			mainGroup = F291FABA235E65D500ADD095;
			productRefGroup = F291FAC4235E65D500ADD095 /* Products */;
			projectDirPath = "";
			projectRoot = "";
			targets = (
				F291FAC2235E65D500ADD095 /* ContributorProfileRh */,
			);
		};
/* End PBXProject section */

/* Begin PBXResourcesBuildPhase section */
		F291FAC1235E65D500ADD095 /* Resources */ = {
			isa = PBXResourcesBuildPhase;
			buildActionMask = 2147483647;
			files = (
				F291FAD3235E65D600ADD095 /* LaunchScreen.storyboard in Resources */,
				F291FAD0235E65D600ADD095 /* Assets.xcassets in Resources */,
			);
			runOnlyForDeploymentPostprocessing = 0;
		};
/* End PBXResourcesBuildPhase section */

/* Begin PBXSourcesBuildPhase section */
		F291FABF235E65D500ADD095 /* Sources */ = {
			isa = PBXSourcesBuildPhase;
			buildActionMask = 2147483647;
			files = (
				F291FACB235E65D500ADD095 /* ViewController.swift in Sources */,
				F291FAC7235E65D500ADD095 /* AppDelegate.swift in Sources */,
				F2E4FEB5235E825800A01960 /* CustomCell.swift in Sources */,
				F291FAC9235E65D500ADD095 /* SceneDelegate.swift in Sources */,
			);
			runOnlyForDeploymentPostprocessing = 0;
		};
/* End PBXSourcesBuildPhase section */

/* Begin PBXVariantGroup section */
		F291FAD1235E65D600ADD095 /* LaunchScreen.storyboard */ = {
			isa = PBXVariantGroup;
			children = (
				F291FAD2235E65D600ADD095 /* Base */,
			);
			name = LaunchScreen.storyboard;
			sourceTree = "<group>";
		};
/* End PBXVariantGroup section */

/* Begin XCBuildConfiguration section */
		F291FAD5235E65D600ADD095 /* Debug */ = {
			isa = XCBuildConfiguration;
			buildSettings = {
				ALWAYS_SEARCH_USER_PATHS = NO;
				CLANG_ANALYZER_NONNULL = YES;
				CLANG_ANALYZER_NUMBER_OBJECT_CONVERSION = YES_AGGRESSIVE;
				CLANG_CXX_LANGUAGE_STANDARD = "gnu++14";
				CLANG_CXX_LIBRARY = "libc++";
				CLANG_ENABLE_MODULES = YES;
				CLANG_ENABLE_OBJC_ARC = YES;
				CLANG_ENABLE_OBJC_WEAK = YES;
				CLANG_WARN_BLOCK_CAPTURE_AUTORELEASING = YES;
				CLANG_WARN_BOOL_CONVERSION = YES;
				CLANG_WARN_COMMA = YES;
				CLANG_WARN_CONSTANT_CONVERSION = YES;
				CLANG_WARN_DEPRECATED_OBJC_IMPLEMENTATIONS = YES;
				CLANG_WARN_DIRECT_OBJC_ISA_USAGE = YES_ERROR;
				CLANG_WARN_DOCUMENTATION_COMMENTS = YES;
				CLANG_WARN_EMPTY_BODY = YES;
				CLANG_WARN_ENUM_CONVERSION = YES;
				CLANG_WARN_INFINITE_RECURSION = YES;
				CLANG_WARN_INT_CONVERSION = YES;
				CLANG_WARN_NON_LITERAL_NULL_CONVERSION = YES;
				CLANG_WARN_OBJC_IMPLICIT_RETAIN_SELF = YES;
				CLANG_WARN_OBJC_LITERAL_CONVERSION = YES;
				CLANG_WARN_OBJC_ROOT_CLASS = YES_ERROR;
				CLANG_WARN_RANGE_LOOP_ANALYSIS = YES;
				CLANG_WARN_STRICT_PROTOTYPES = YES;
				CLANG_WARN_SUSPICIOUS_MOVE = YES;
				CLANG_WARN_UNGUARDED_AVAILABILITY = YES_AGGRESSIVE;
				CLANG_WARN_UNREACHABLE_CODE = YES;
				CLANG_WARN__DUPLICATE_METHOD_MATCH = YES;
				COPY_PHASE_STRIP = NO;
				DEBUG_INFORMATION_FORMAT = dwarf;
				ENABLE_STRICT_OBJC_MSGSEND = YES;
				ENABLE_TESTABILITY = YES;
				GCC_C_LANGUAGE_STANDARD = gnu11;
				GCC_DYNAMIC_NO_PIC = NO;
				GCC_NO_COMMON_BLOCKS = YES;
				GCC_OPTIMIZATION_LEVEL = 0;
				GCC_PREPROCESSOR_DEFINITIONS = (
					"DEBUG=1",
					"$(inherited)",
				);
				GCC_WARN_64_TO_32_BIT_CONVERSION = YES;
				GCC_WARN_ABOUT_RETURN_TYPE = YES_ERROR;
				GCC_WARN_UNDECLARED_SELECTOR = YES;
				GCC_WARN_UNINITIALIZED_AUTOS = YES_AGGRESSIVE;
				GCC_WARN_UNUSED_FUNCTION = YES;
				GCC_WARN_UNUSED_VARIABLE = YES;
				IPHONEOS_DEPLOYMENT_TARGET = 13.1;
				MTL_ENABLE_DEBUG_INFO = INCLUDE_SOURCE;
				MTL_FAST_MATH = YES;
				ONLY_ACTIVE_ARCH = YES;
				SDKROOT = iphoneos;
				SWIFT_ACTIVE_COMPILATION_CONDITIONS = DEBUG;
				SWIFT_OPTIMIZATION_LEVEL = "-Onone";
			};
			name = Debug;
		};
		F291FAD6235E65D600ADD095 /* Release */ = {
			isa = XCBuildConfiguration;
			buildSettings = {
				ALWAYS_SEARCH_USER_PATHS = NO;
				CLANG_ANALYZER_NONNULL = YES;
				CLANG_ANALYZER_NUMBER_OBJECT_CONVERSION = YES_AGGRESSIVE;
				CLANG_CXX_LANGUAGE_STANDARD = "gnu++14";
				CLANG_CXX_LIBRARY = "libc++";
				CLANG_ENABLE_MODULES = YES;
				CLANG_ENABLE_OBJC_ARC = YES;
				CLANG_ENABLE_OBJC_WEAK = YES;
				CLANG_WARN_BLOCK_CAPTURE_AUTORELEASING = YES;
				CLANG_WARN_BOOL_CONVERSION = YES;
				CLANG_WARN_COMMA = YES;
				CLANG_WARN_CONSTANT_CONVERSION = YES;
				CLANG_WARN_DEPRECATED_OBJC_IMPLEMENTATIONS = YES;
				CLANG_WARN_DIRECT_OBJC_ISA_USAGE = YES_ERROR;
				CLANG_WARN_DOCUMENTATION_COMMENTS = YES;
				CLANG_WARN_EMPTY_BODY = YES;
				CLANG_WARN_ENUM_CONVERSION = YES;
				CLANG_WARN_INFINITE_RECURSION = YES;
				CLANG_WARN_INT_CONVERSION = YES;
				CLANG_WARN_NON_LITERAL_NULL_CONVERSION = YES;
				CLANG_WARN_OBJC_IMPLICIT_RETAIN_SELF = YES;
				CLANG_WARN_OBJC_LITERAL_CONVERSION = YES;
				CLANG_WARN_OBJC_ROOT_CLASS = YES_ERROR;
				CLANG_WARN_RANGE_LOOP_ANALYSIS = YES;
				CLANG_WARN_STRICT_PROTOTYPES = YES;
				CLANG_WARN_SUSPICIOUS_MOVE = YES;
				CLANG_WARN_UNGUARDED_AVAILABILITY = YES_AGGRESSIVE;
				CLANG_WARN_UNREACHABLE_CODE = YES;
				CLANG_WARN__DUPLICATE_METHOD_MATCH = YES;
				COPY_PHASE_STRIP = NO;
				DEBUG_INFORMATION_FORMAT = "dwarf-with-dsym";
				ENABLE_NS_ASSERTIONS = NO;
				ENABLE_STRICT_OBJC_MSGSEND = YES;
				GCC_C_LANGUAGE_STANDARD = gnu11;
				GCC_NO_COMMON_BLOCKS = YES;
				GCC_WARN_64_TO_32_BIT_CONVERSION = YES;
				GCC_WARN_ABOUT_RETURN_TYPE = YES_ERROR;
				GCC_WARN_UNDECLARED_SELECTOR = YES;
				GCC_WARN_UNINITIALIZED_AUTOS = YES_AGGRESSIVE;
				GCC_WARN_UNUSED_FUNCTION = YES;
				GCC_WARN_UNUSED_VARIABLE = YES;
				IPHONEOS_DEPLOYMENT_TARGET = 13.1;
				MTL_ENABLE_DEBUG_INFO = NO;
				MTL_FAST_MATH = YES;
				SDKROOT = iphoneos;
				SWIFT_COMPILATION_MODE = wholemodule;
				SWIFT_OPTIMIZATION_LEVEL = "-O";
				VALIDATE_PRODUCT = YES;
			};
			name = Release;
		};
		F291FAD8235E65D600ADD095 /* Debug */ = {
			isa = XCBuildConfiguration;
			buildSettings = {
				ASSETCATALOG_COMPILER_APPICON_NAME = AppIcon;
				CODE_SIGN_STYLE = Automatic;
				INFOPLIST_FILE = ContributorProfileRh/Info.plist;
				LD_RUNPATH_SEARCH_PATHS = (
					"$(inherited)",
					"@executable_path/Frameworks",
				);
				PRODUCT_BUNDLE_IDENTIFIER = br.com.ios.ContributorProfileRh;
				PRODUCT_NAME = "$(TARGET_NAME)";
				SWIFT_VERSION = 5.0;
				TARGETED_DEVICE_FAMILY = "1,2";
			};
			name = Debug;
		};
		F291FAD9235E65D600ADD095 /* Release */ = {
			isa = XCBuildConfiguration;
			buildSettings = {
				ASSETCATALOG_COMPILER_APPICON_NAME = AppIcon;
				CODE_SIGN_STYLE = Automatic;
				INFOPLIST_FILE = ContributorProfileRh/Info.plist;
				LD_RUNPATH_SEARCH_PATHS = (
					"$(inherited)",
					"@executable_path/Frameworks",
				);
				PRODUCT_BUNDLE_IDENTIFIER = br.com.ios.ContributorProfileRh;
				PRODUCT_NAME = "$(TARGET_NAME)";
				SWIFT_VERSION = 5.0;
				TARGETED_DEVICE_FAMILY = "1,2";
			};
			name = Release;
		};
/* End XCBuildConfiguration section */

/* Begin XCConfigurationList section */
		F291FABE235E65D500ADD095 /* Build configuration list for PBXProject "ContributorProfileRh" */ = {
			isa = XCConfigurationList;
			buildConfigurations = (
				F291FAD5235E65D600ADD095 /* Debug */,
				F291FAD6235E65D600ADD095 /* Release */,
			);
			defaultConfigurationIsVisible = 0;
			defaultConfigurationName = Release;
		};
		F291FAD7235E65D600ADD095 /* Build configuration list for PBXNativeTarget "ContributorProfileRh" */ = {
			isa = XCConfigurationList;
			buildConfigurations = (
				F291FAD8235E65D600ADD095 /* Debug */,
				F291FAD9235E65D600ADD095 /* Release */,
			);
			defaultConfigurationIsVisible = 0;
			defaultConfigurationName = Release;
		};
/* End XCConfigurationList section */
	};
	rootObject = F291FABB235E65D500ADD095 /* Project object */;
}
