// !$*UTF8*$!
{
	archiveVersion = 1;
	classes = {
	};
	objectVersion = 51;
	objects = {

/* Begin PBXBuildFile section */
		5EF65C82FE8AC07F8A0A977C /* Pods_HomeScreen.framework in Frameworks */ = {isa = PBXBuildFile; fileRef = 0E1041E479C0ADBD601D6AE8 /* Pods_HomeScreen.framework */; };
		F2087D2B23620E5400E421B3 /* ChartType.swift in Sources */ = {isa = PBXBuildFile; fileRef = F2087D2A23620E5400E421B3 /* ChartType.swift */; };
		F2367A682360CA2600537884 /* CustomSideScrollChartsCell.swift in Sources */ = {isa = PBXBuildFile; fileRef = F2367A672360CA2600537884 /* CustomSideScrollChartsCell.swift */; };
		F2367A6A2360CA4300537884 /* CustomTipsCell.swift in Sources */ = {isa = PBXBuildFile; fileRef = F2367A692360CA4300537884 /* CustomTipsCell.swift */; };
		F2367A6D2360CB8B00537884 /* UtilsColor.swift in Sources */ = {isa = PBXBuildFile; fileRef = F2367A6C2360CB8B00537884 /* UtilsColor.swift */; };
		F2372EF92361048B00A19E14 /* VerticalScroll.swift in Sources */ = {isa = PBXBuildFile; fileRef = F2372EF82361048B00A19E14 /* VerticalScroll.swift */; };
		F2372EFB236104C200A19E14 /* ViewIntoVerticalScroll.swift in Sources */ = {isa = PBXBuildFile; fileRef = F2372EFA236104C200A19E14 /* ViewIntoVerticalScroll.swift */; };
		F2C86D9F2360E9DB00D73F22 /* ChartModel.swift in Sources */ = {isa = PBXBuildFile; fileRef = F2C86D9E2360E9DB00D73F22 /* ChartModel.swift */; };
		F2C86DA12360EC2700D73F22 /* TipsItem.swift in Sources */ = {isa = PBXBuildFile; fileRef = F2C86DA02360EC2700D73F22 /* TipsItem.swift */; };
		F2FF3B2E2360A2F10088E8FC /* AppDelegate.swift in Sources */ = {isa = PBXBuildFile; fileRef = F2FF3B2D2360A2F10088E8FC /* AppDelegate.swift */; };
		F2FF3B302360A2F10088E8FC /* SceneDelegate.swift in Sources */ = {isa = PBXBuildFile; fileRef = F2FF3B2F2360A2F10088E8FC /* SceneDelegate.swift */; };
		F2FF3B322360A2F10088E8FC /* ViewController.swift in Sources */ = {isa = PBXBuildFile; fileRef = F2FF3B312360A2F10088E8FC /* ViewController.swift */; };
		F2FF3B372360A2F30088E8FC /* Assets.xcassets in Resources */ = {isa = PBXBuildFile; fileRef = F2FF3B362360A2F30088E8FC /* Assets.xcassets */; };
		F2FF3B3A2360A2F30088E8FC /* LaunchScreen.storyboard in Resources */ = {isa = PBXBuildFile; fileRef = F2FF3B382360A2F30088E8FC /* LaunchScreen.storyboard */; };
		F2FF3B472360AAFD0088E8FC /* UIViewExtension.swift in Sources */ = {isa = PBXBuildFile; fileRef = F2FF3B462360AAFD0088E8FC /* UIViewExtension.swift */; };
		F2FF3B492360AD530088E8FC /* ViewIntoSideScroll.swift in Sources */ = {isa = PBXBuildFile; fileRef = F2FF3B482360AD530088E8FC /* ViewIntoSideScroll.swift */; };
		F2FF3B4B2360ADE60088E8FC /* SideScroll.swift in Sources */ = {isa = PBXBuildFile; fileRef = F2FF3B4A2360ADE60088E8FC /* SideScroll.swift */; };
		F2FF3B4E2360AE640088E8FC /* CardView.swift in Sources */ = {isa = PBXBuildFile; fileRef = F2FF3B4D2360AE640088E8FC /* CardView.swift */; };
		F2FF3B502360B43B0088E8FC /* UIViewControllerExtension.swift in Sources */ = {isa = PBXBuildFile; fileRef = F2FF3B4F2360B43B0088E8FC /* UIViewControllerExtension.swift */; };
		F2FF3B532360B50C0088E8FC /* ComponentType.swift in Sources */ = {isa = PBXBuildFile; fileRef = F2FF3B522360B50C0088E8FC /* ComponentType.swift */; };
		F2FF3B552360B5D60088E8FC /* Tips.swift in Sources */ = {isa = PBXBuildFile; fileRef = F2FF3B542360B5D60088E8FC /* Tips.swift */; };
		F2FF3B572360B5E00088E8FC /* CardChart.swift in Sources */ = {isa = PBXBuildFile; fileRef = F2FF3B562360B5E00088E8FC /* CardChart.swift */; };
		F2FF3B592360B5F90088E8FC /* SideScrollChartsModel.swift in Sources */ = {isa = PBXBuildFile; fileRef = F2FF3B582360B5F90088E8FC /* SideScrollChartsModel.swift */; };
		F2FF3B5B2360BAAD0088E8FC /* Component.swift in Sources */ = {isa = PBXBuildFile; fileRef = F2FF3B5A2360BAAD0088E8FC /* Component.swift */; };
		F2FF3B5D2360BCE70088E8FC /* CustomCardCell.swift in Sources */ = {isa = PBXBuildFile; fileRef = F2FF3B5C2360BCE70088E8FC /* CustomCardCell.swift */; };
/* End PBXBuildFile section */

/* Begin PBXFileReference section */
		0E1041E479C0ADBD601D6AE8 /* Pods_HomeScreen.framework */ = {isa = PBXFileReference; explicitFileType = wrapper.framework; includeInIndex = 0; path = Pods_HomeScreen.framework; sourceTree = BUILT_PRODUCTS_DIR; };
		C7732136AF016C5F5F489C75 /* Pods-HomeScreen.release.xcconfig */ = {isa = PBXFileReference; includeInIndex = 1; lastKnownFileType = text.xcconfig; name = "Pods-HomeScreen.release.xcconfig"; path = "Target Support Files/Pods-HomeScreen/Pods-HomeScreen.release.xcconfig"; sourceTree = "<group>"; };
		D76020074D9618FC28F58FB2 /* Pods-HomeScreen.debug.xcconfig */ = {isa = PBXFileReference; includeInIndex = 1; lastKnownFileType = text.xcconfig; name = "Pods-HomeScreen.debug.xcconfig"; path = "Target Support Files/Pods-HomeScreen/Pods-HomeScreen.debug.xcconfig"; sourceTree = "<group>"; };
		F2087D2A23620E5400E421B3 /* ChartType.swift */ = {isa = PBXFileReference; lastKnownFileType = sourcecode.swift; path = ChartType.swift; sourceTree = "<group>"; };
		F2367A672360CA2600537884 /* CustomSideScrollChartsCell.swift */ = {isa = PBXFileReference; lastKnownFileType = sourcecode.swift; path = CustomSideScrollChartsCell.swift; sourceTree = "<group>"; };
		F2367A692360CA4300537884 /* CustomTipsCell.swift */ = {isa = PBXFileReference; lastKnownFileType = sourcecode.swift; path = CustomTipsCell.swift; sourceTree = "<group>"; };
		F2367A6C2360CB8B00537884 /* UtilsColor.swift */ = {isa = PBXFileReference; lastKnownFileType = sourcecode.swift; path = UtilsColor.swift; sourceTree = "<group>"; };
		F2372EF82361048B00A19E14 /* VerticalScroll.swift */ = {isa = PBXFileReference; lastKnownFileType = sourcecode.swift; path = VerticalScroll.swift; sourceTree = "<group>"; };
		F2372EFA236104C200A19E14 /* ViewIntoVerticalScroll.swift */ = {isa = PBXFileReference; lastKnownFileType = sourcecode.swift; path = ViewIntoVerticalScroll.swift; sourceTree = "<group>"; };
		F2C86D9E2360E9DB00D73F22 /* ChartModel.swift */ = {isa = PBXFileReference; lastKnownFileType = sourcecode.swift; path = ChartModel.swift; sourceTree = "<group>"; };
		F2C86DA02360EC2700D73F22 /* TipsItem.swift */ = {isa = PBXFileReference; lastKnownFileType = sourcecode.swift; path = TipsItem.swift; sourceTree = "<group>"; };
		F2FF3B2A2360A2F10088E8FC /* HomeScreen.app */ = {isa = PBXFileReference; explicitFileType = wrapper.application; includeInIndex = 0; path = HomeScreen.app; sourceTree = BUILT_PRODUCTS_DIR; };
		F2FF3B2D2360A2F10088E8FC /* AppDelegate.swift */ = {isa = PBXFileReference; lastKnownFileType = sourcecode.swift; path = AppDelegate.swift; sourceTree = "<group>"; };
		F2FF3B2F2360A2F10088E8FC /* SceneDelegate.swift */ = {isa = PBXFileReference; lastKnownFileType = sourcecode.swift; path = SceneDelegate.swift; sourceTree = "<group>"; };
		F2FF3B312360A2F10088E8FC /* ViewController.swift */ = {isa = PBXFileReference; lastKnownFileType = sourcecode.swift; path = ViewController.swift; sourceTree = "<group>"; };
		F2FF3B362360A2F30088E8FC /* Assets.xcassets */ = {isa = PBXFileReference; lastKnownFileType = folder.assetcatalog; path = Assets.xcassets; sourceTree = "<group>"; };
		F2FF3B392360A2F30088E8FC /* Base */ = {isa = PBXFileReference; lastKnownFileType = file.storyboard; name = Base; path = Base.lproj/LaunchScreen.storyboard; sourceTree = "<group>"; };
		F2FF3B3B2360A2F30088E8FC /* Info.plist */ = {isa = PBXFileReference; lastKnownFileType = text.plist.xml; path = Info.plist; sourceTree = "<group>"; };
		F2FF3B462360AAFD0088E8FC /* UIViewExtension.swift */ = {isa = PBXFileReference; lastKnownFileType = sourcecode.swift; path = UIViewExtension.swift; sourceTree = "<group>"; };
		F2FF3B482360AD530088E8FC /* ViewIntoSideScroll.swift */ = {isa = PBXFileReference; lastKnownFileType = sourcecode.swift; path = ViewIntoSideScroll.swift; sourceTree = "<group>"; };
		F2FF3B4A2360ADE60088E8FC /* SideScroll.swift */ = {isa = PBXFileReference; lastKnownFileType = sourcecode.swift; path = SideScroll.swift; sourceTree = "<group>"; };
		F2FF3B4D2360AE640088E8FC /* CardView.swift */ = {isa = PBXFileReference; lastKnownFileType = sourcecode.swift; path = CardView.swift; sourceTree = "<group>"; };
		F2FF3B4F2360B43B0088E8FC /* UIViewControllerExtension.swift */ = {isa = PBXFileReference; lastKnownFileType = sourcecode.swift; path = UIViewControllerExtension.swift; sourceTree = "<group>"; };
		F2FF3B522360B50C0088E8FC /* ComponentType.swift */ = {isa = PBXFileReference; lastKnownFileType = sourcecode.swift; path = ComponentType.swift; sourceTree = "<group>"; };
		F2FF3B542360B5D60088E8FC /* Tips.swift */ = {isa = PBXFileReference; lastKnownFileType = sourcecode.swift; path = Tips.swift; sourceTree = "<group>"; };
		F2FF3B562360B5E00088E8FC /* CardChart.swift */ = {isa = PBXFileReference; lastKnownFileType = sourcecode.swift; path = CardChart.swift; sourceTree = "<group>"; };
		F2FF3B582360B5F90088E8FC /* SideScrollChartsModel.swift */ = {isa = PBXFileReference; lastKnownFileType = sourcecode.swift; path = SideScrollChartsModel.swift; sourceTree = "<group>"; };
		F2FF3B5A2360BAAD0088E8FC /* Component.swift */ = {isa = PBXFileReference; lastKnownFileType = sourcecode.swift; path = Component.swift; sourceTree = "<group>"; };
		F2FF3B5C2360BCE70088E8FC /* CustomCardCell.swift */ = {isa = PBXFileReference; lastKnownFileType = sourcecode.swift; path = CustomCardCell.swift; sourceTree = "<group>"; };
/* End PBXFileReference section */

/* Begin PBXFrameworksBuildPhase section */
		F2FF3B272360A2F10088E8FC /* Frameworks */ = {
			isa = PBXFrameworksBuildPhase;
			buildActionMask = 2147483647;
			files = (
				5EF65C82FE8AC07F8A0A977C /* Pods_HomeScreen.framework in Frameworks */,
			);
			runOnlyForDeploymentPostprocessing = 0;
		};
/* End PBXFrameworksBuildPhase section */

/* Begin PBXGroup section */
		2AD8D2389A9C2D9E7FE0BC19 /* Frameworks */ = {
			isa = PBXGroup;
			children = (
				0E1041E479C0ADBD601D6AE8 /* Pods_HomeScreen.framework */,
			);
			name = Frameworks;
			sourceTree = "<group>";
		};
		5B6A9AEB369CABAF8605E007 /* Pods */ = {
			isa = PBXGroup;
			children = (
				D76020074D9618FC28F58FB2 /* Pods-HomeScreen.debug.xcconfig */,
				C7732136AF016C5F5F489C75 /* Pods-HomeScreen.release.xcconfig */,
			);
			path = Pods;
			sourceTree = "<group>";
		};
		F2367A6B2360CB7500537884 /* utils */ = {
			isa = PBXGroup;
			children = (
				F2367A6C2360CB8B00537884 /* UtilsColor.swift */,
			);
			path = utils;
			sourceTree = "<group>";
		};
		F2FF3B212360A2F10088E8FC = {
			isa = PBXGroup;
			children = (
				F2FF3B2C2360A2F10088E8FC /* HomeScreen */,
				F2FF3B2B2360A2F10088E8FC /* Products */,
				5B6A9AEB369CABAF8605E007 /* Pods */,
				2AD8D2389A9C2D9E7FE0BC19 /* Frameworks */,
			);
			sourceTree = "<group>";
		};
		F2FF3B2B2360A2F10088E8FC /* Products */ = {
			isa = PBXGroup;
			children = (
				F2FF3B2A2360A2F10088E8FC /* HomeScreen.app */,
			);
			name = Products;
			sourceTree = "<group>";
		};
		F2FF3B2C2360A2F10088E8FC /* HomeScreen */ = {
			isa = PBXGroup;
			children = (
				F2367A6B2360CB7500537884 /* utils */,
				F2FF3B512360B4C70088E8FC /* models */,
				F2FF3B432360AAA40088E8FC /* controllers */,
				F2FF3B422360AA9D0088E8FC /* view */,
				F2FF3B412360AA920088E8FC /* extensions */,
				F2FF3B2D2360A2F10088E8FC /* AppDelegate.swift */,
				F2FF3B2F2360A2F10088E8FC /* SceneDelegate.swift */,
				F2FF3B362360A2F30088E8FC /* Assets.xcassets */,
				F2FF3B382360A2F30088E8FC /* LaunchScreen.storyboard */,
				F2FF3B3B2360A2F30088E8FC /* Info.plist */,
			);
			path = HomeScreen;
			sourceTree = "<group>";
		};
		F2FF3B412360AA920088E8FC /* extensions */ = {
			isa = PBXGroup;
			children = (
				F2FF3B462360AAFD0088E8FC /* UIViewExtension.swift */,
				F2FF3B4F2360B43B0088E8FC /* UIViewControllerExtension.swift */,
			);
			path = extensions;
			sourceTree = "<group>";
		};
		F2FF3B422360AA9D0088E8FC /* view */ = {
			isa = PBXGroup;
			children = (
				F2FF3B4C2360AE490088E8FC /* views */,
				F2FF3B442360AAB30088E8FC /* cells */,
			);
			path = view;
			sourceTree = "<group>";
		};
		F2FF3B432360AAA40088E8FC /* controllers */ = {
			isa = PBXGroup;
			children = (
				F2FF3B312360A2F10088E8FC /* ViewController.swift */,
			);
			path = controllers;
			sourceTree = "<group>";
		};
		F2FF3B442360AAB30088E8FC /* cells */ = {
			isa = PBXGroup;
			children = (
				F2FF3B5C2360BCE70088E8FC /* CustomCardCell.swift */,
				F2367A672360CA2600537884 /* CustomSideScrollChartsCell.swift */,
				F2367A692360CA4300537884 /* CustomTipsCell.swift */,
			);
			path = cells;
			sourceTree = "<group>";
		};
		F2FF3B4C2360AE490088E8FC /* views */ = {
			isa = PBXGroup;
			children = (
				F2FF3B482360AD530088E8FC /* ViewIntoSideScroll.swift */,
				F2FF3B4A2360ADE60088E8FC /* SideScroll.swift */,
				F2FF3B4D2360AE640088E8FC /* CardView.swift */,
				F2372EF82361048B00A19E14 /* VerticalScroll.swift */,
				F2372EFA236104C200A19E14 /* ViewIntoVerticalScroll.swift */,
			);
			path = views;
			sourceTree = "<group>";
		};
		F2FF3B512360B4C70088E8FC /* models */ = {
			isa = PBXGroup;
			children = (
				F2FF3B522360B50C0088E8FC /* ComponentType.swift */,
				F2FF3B542360B5D60088E8FC /* Tips.swift */,
				F2FF3B562360B5E00088E8FC /* CardChart.swift */,
				F2FF3B582360B5F90088E8FC /* SideScrollChartsModel.swift */,
				F2FF3B5A2360BAAD0088E8FC /* Component.swift */,
				F2C86D9E2360E9DB00D73F22 /* ChartModel.swift */,
				F2C86DA02360EC2700D73F22 /* TipsItem.swift */,
				F2087D2A23620E5400E421B3 /* ChartType.swift */,
			);
			path = models;
			sourceTree = "<group>";
		};
/* End PBXGroup section */

/* Begin PBXNativeTarget section */
		F2FF3B292360A2F10088E8FC /* HomeScreen */ = {
			isa = PBXNativeTarget;
			buildConfigurationList = F2FF3B3E2360A2F30088E8FC /* Build configuration list for PBXNativeTarget "HomeScreen" */;
			buildPhases = (
				01ED27C14452D26D147D08F2 /* [CP] Check Pods Manifest.lock */,
				F2FF3B262360A2F10088E8FC /* Sources */,
				F2FF3B272360A2F10088E8FC /* Frameworks */,
				F2FF3B282360A2F10088E8FC /* Resources */,
				9E1058C2F34E1665E3AA8ABC /* [CP] Embed Pods Frameworks */,
			);
			buildRules = (
			);
			dependencies = (
			);
			name = HomeScreen;
			productName = highchartExample;
			productReference = F2FF3B2A2360A2F10088E8FC /* HomeScreen.app */;
			productType = "com.apple.product-type.application";
		};
/* End PBXNativeTarget section */

/* Begin PBXProject section */
		F2FF3B222360A2F10088E8FC /* Project object */ = {
			isa = PBXProject;
			attributes = {
				LastSwiftUpdateCheck = 1110;
				LastUpgradeCheck = 1110;
				ORGANIZATIONNAME = "Rafael Freitas";
				TargetAttributes = {
					F2FF3B292360A2F10088E8FC = {
						CreatedOnToolsVersion = 11.1;
					};
				};
			};
			buildConfigurationList = F2FF3B252360A2F10088E8FC /* Build configuration list for PBXProject "HomeScreen" */;
			compatibilityVersion = "Xcode 9.3";
			developmentRegion = en;
			hasScannedForEncodings = 0;
			knownRegions = (
				en,
				Base,
			);
			mainGroup = F2FF3B212360A2F10088E8FC;
			productRefGroup = F2FF3B2B2360A2F10088E8FC /* Products */;
			projectDirPath = "";
			projectRoot = "";
			targets = (
				F2FF3B292360A2F10088E8FC /* HomeScreen */,
			);
		};
/* End PBXProject section */

/* Begin PBXResourcesBuildPhase section */
		F2FF3B282360A2F10088E8FC /* Resources */ = {
			isa = PBXResourcesBuildPhase;
			buildActionMask = 2147483647;
			files = (
				F2FF3B3A2360A2F30088E8FC /* LaunchScreen.storyboard in Resources */,
				F2FF3B372360A2F30088E8FC /* Assets.xcassets in Resources */,
			);
			runOnlyForDeploymentPostprocessing = 0;
		};
/* End PBXResourcesBuildPhase section */

/* Begin PBXShellScriptBuildPhase section */
		01ED27C14452D26D147D08F2 /* [CP] Check Pods Manifest.lock */ = {
			isa = PBXShellScriptBuildPhase;
			buildActionMask = 2147483647;
			files = (
			);
			inputFileListPaths = (
			);
			inputPaths = (
				"${PODS_PODFILE_DIR_PATH}/Podfile.lock",
				"${PODS_ROOT}/Manifest.lock",
			);
			name = "[CP] Check Pods Manifest.lock";
			outputFileListPaths = (
			);
			outputPaths = (
				"$(DERIVED_FILE_DIR)/Pods-HomeScreen-checkManifestLockResult.txt",
			);
			runOnlyForDeploymentPostprocessing = 0;
			shellPath = /bin/sh;
			shellScript = "diff \"${PODS_PODFILE_DIR_PATH}/Podfile.lock\" \"${PODS_ROOT}/Manifest.lock\" > /dev/null\nif [ $? != 0 ] ; then\n    # print error to STDERR\n    echo \"error: The sandbox is not in sync with the Podfile.lock. Run 'pod install' or update your CocoaPods installation.\" >&2\n    exit 1\nfi\n# This output is used by Xcode 'outputs' to avoid re-running this script phase.\necho \"SUCCESS\" > \"${SCRIPT_OUTPUT_FILE_0}\"\n";
			showEnvVarsInLog = 0;
		};
		9E1058C2F34E1665E3AA8ABC /* [CP] Embed Pods Frameworks */ = {
			isa = PBXShellScriptBuildPhase;
			buildActionMask = 2147483647;
			files = (
			);
			inputFileListPaths = (
				"${PODS_ROOT}/Target Support Files/Pods-HomeScreen/Pods-HomeScreen-frameworks-${CONFIGURATION}-input-files.xcfilelist",
			);
			name = "[CP] Embed Pods Frameworks";
			outputFileListPaths = (
				"${PODS_ROOT}/Target Support Files/Pods-HomeScreen/Pods-HomeScreen-frameworks-${CONFIGURATION}-output-files.xcfilelist",
			);
			runOnlyForDeploymentPostprocessing = 0;
			shellPath = /bin/sh;
			shellScript = "\"${PODS_ROOT}/Target Support Files/Pods-HomeScreen/Pods-HomeScreen-frameworks.sh\"\n";
			showEnvVarsInLog = 0;
		};
/* End PBXShellScriptBuildPhase section */

/* Begin PBXSourcesBuildPhase section */
		F2FF3B262360A2F10088E8FC /* Sources */ = {
			isa = PBXSourcesBuildPhase;
			buildActionMask = 2147483647;
			files = (
				F2FF3B4E2360AE640088E8FC /* CardView.swift in Sources */,
				F2367A682360CA2600537884 /* CustomSideScrollChartsCell.swift in Sources */,
				F2FF3B572360B5E00088E8FC /* CardChart.swift in Sources */,
				F2FF3B532360B50C0088E8FC /* ComponentType.swift in Sources */,
				F2C86DA12360EC2700D73F22 /* TipsItem.swift in Sources */,
				F2C86D9F2360E9DB00D73F22 /* ChartModel.swift in Sources */,
				F2FF3B322360A2F10088E8FC /* ViewController.swift in Sources */,
				F2FF3B2E2360A2F10088E8FC /* AppDelegate.swift in Sources */,
				F2087D2B23620E5400E421B3 /* ChartType.swift in Sources */,
				F2372EF92361048B00A19E14 /* VerticalScroll.swift in Sources */,
				F2367A6D2360CB8B00537884 /* UtilsColor.swift in Sources */,
				F2FF3B552360B5D60088E8FC /* Tips.swift in Sources */,
				F2FF3B5B2360BAAD0088E8FC /* Component.swift in Sources */,
				F2FF3B592360B5F90088E8FC /* SideScrollChartsModel.swift in Sources */,
				F2FF3B472360AAFD0088E8FC /* UIViewExtension.swift in Sources */,
				F2FF3B502360B43B0088E8FC /* UIViewControllerExtension.swift in Sources */,
				F2FF3B302360A2F10088E8FC /* SceneDelegate.swift in Sources */,
				F2372EFB236104C200A19E14 /* ViewIntoVerticalScroll.swift in Sources */,
				F2FF3B492360AD530088E8FC /* ViewIntoSideScroll.swift in Sources */,
				F2367A6A2360CA4300537884 /* CustomTipsCell.swift in Sources */,
				F2FF3B5D2360BCE70088E8FC /* CustomCardCell.swift in Sources */,
				F2FF3B4B2360ADE60088E8FC /* SideScroll.swift in Sources */,
			);
			runOnlyForDeploymentPostprocessing = 0;
		};
/* End PBXSourcesBuildPhase section */

/* Begin PBXVariantGroup section */
		F2FF3B382360A2F30088E8FC /* LaunchScreen.storyboard */ = {
			isa = PBXVariantGroup;
			children = (
				F2FF3B392360A2F30088E8FC /* Base */,
			);
			name = LaunchScreen.storyboard;
			sourceTree = "<group>";
		};
/* End PBXVariantGroup section */

/* Begin XCBuildConfiguration section */
		F2FF3B3C2360A2F30088E8FC /* Debug */ = {
			isa = XCBuildConfiguration;
			buildSettings = {
				ALWAYS_SEARCH_USER_PATHS = NO;
				CLANG_ANALYZER_NONNULL = YES;
				CLANG_ANALYZER_NUMBER_OBJECT_CONVERSION = YES_AGGRESSIVE;
				CLANG_CXX_LANGUAGE_STANDARD = "gnu++14";
				CLANG_CXX_LIBRARY = "libc++";
				CLANG_ENABLE_MODULES = YES;
				CLANG_ENABLE_OBJC_ARC = YES;
				CLANG_ENABLE_OBJC_WEAK = YES;
				CLANG_WARN_BLOCK_CAPTURE_AUTORELEASING = YES;
				CLANG_WARN_BOOL_CONVERSION = YES;
				CLANG_WARN_COMMA = YES;
				CLANG_WARN_CONSTANT_CONVERSION = YES;
				CLANG_WARN_DEPRECATED_OBJC_IMPLEMENTATIONS = YES;
				CLANG_WARN_DIRECT_OBJC_ISA_USAGE = YES_ERROR;
				CLANG_WARN_DOCUMENTATION_COMMENTS = YES;
				CLANG_WARN_EMPTY_BODY = YES;
				CLANG_WARN_ENUM_CONVERSION = YES;
				CLANG_WARN_INFINITE_RECURSION = YES;
				CLANG_WARN_INT_CONVERSION = YES;
				CLANG_WARN_NON_LITERAL_NULL_CONVERSION = YES;
				CLANG_WARN_OBJC_IMPLICIT_RETAIN_SELF = YES;
				CLANG_WARN_OBJC_LITERAL_CONVERSION = YES;
				CLANG_WARN_OBJC_ROOT_CLASS = YES_ERROR;
				CLANG_WARN_RANGE_LOOP_ANALYSIS = YES;
				CLANG_WARN_STRICT_PROTOTYPES = YES;
				CLANG_WARN_SUSPICIOUS_MOVE = YES;
				CLANG_WARN_UNGUARDED_AVAILABILITY = YES_AGGRESSIVE;
				CLANG_WARN_UNREACHABLE_CODE = YES;
				CLANG_WARN__DUPLICATE_METHOD_MATCH = YES;
				COPY_PHASE_STRIP = NO;
				DEBUG_INFORMATION_FORMAT = dwarf;
				ENABLE_STRICT_OBJC_MSGSEND = YES;
				ENABLE_TESTABILITY = YES;
				GCC_C_LANGUAGE_STANDARD = gnu11;
				GCC_DYNAMIC_NO_PIC = NO;
				GCC_NO_COMMON_BLOCKS = YES;
				GCC_OPTIMIZATION_LEVEL = 0;
				GCC_PREPROCESSOR_DEFINITIONS = (
					"DEBUG=1",
					"$(inherited)",
				);
				GCC_WARN_64_TO_32_BIT_CONVERSION = YES;
				GCC_WARN_ABOUT_RETURN_TYPE = YES_ERROR;
				GCC_WARN_UNDECLARED_SELECTOR = YES;
				GCC_WARN_UNINITIALIZED_AUTOS = YES_AGGRESSIVE;
				GCC_WARN_UNUSED_FUNCTION = YES;
				GCC_WARN_UNUSED_VARIABLE = YES;
				IPHONEOS_DEPLOYMENT_TARGET = 13.1;
				MTL_ENABLE_DEBUG_INFO = INCLUDE_SOURCE;
				MTL_FAST_MATH = YES;
				ONLY_ACTIVE_ARCH = YES;
				SDKROOT = iphoneos;
				SWIFT_ACTIVE_COMPILATION_CONDITIONS = DEBUG;
				SWIFT_OPTIMIZATION_LEVEL = "-Onone";
			};
			name = Debug;
		};
		F2FF3B3D2360A2F30088E8FC /* Release */ = {
			isa = XCBuildConfiguration;
			buildSettings = {
				ALWAYS_SEARCH_USER_PATHS = NO;
				CLANG_ANALYZER_NONNULL = YES;
				CLANG_ANALYZER_NUMBER_OBJECT_CONVERSION = YES_AGGRESSIVE;
				CLANG_CXX_LANGUAGE_STANDARD = "gnu++14";
				CLANG_CXX_LIBRARY = "libc++";
				CLANG_ENABLE_MODULES = YES;
				CLANG_ENABLE_OBJC_ARC = YES;
				CLANG_ENABLE_OBJC_WEAK = YES;
				CLANG_WARN_BLOCK_CAPTURE_AUTORELEASING = YES;
				CLANG_WARN_BOOL_CONVERSION = YES;
				CLANG_WARN_COMMA = YES;
				CLANG_WARN_CONSTANT_CONVERSION = YES;
				CLANG_WARN_DEPRECATED_OBJC_IMPLEMENTATIONS = YES;
				CLANG_WARN_DIRECT_OBJC_ISA_USAGE = YES_ERROR;
				CLANG_WARN_DOCUMENTATION_COMMENTS = YES;
				CLANG_WARN_EMPTY_BODY = YES;
				CLANG_WARN_ENUM_CONVERSION = YES;
				CLANG_WARN_INFINITE_RECURSION = YES;
				CLANG_WARN_INT_CONVERSION = YES;
				CLANG_WARN_NON_LITERAL_NULL_CONVERSION = YES;
				CLANG_WARN_OBJC_IMPLICIT_RETAIN_SELF = YES;
				CLANG_WARN_OBJC_LITERAL_CONVERSION = YES;
				CLANG_WARN_OBJC_ROOT_CLASS = YES_ERROR;
				CLANG_WARN_RANGE_LOOP_ANALYSIS = YES;
				CLANG_WARN_STRICT_PROTOTYPES = YES;
				CLANG_WARN_SUSPICIOUS_MOVE = YES;
				CLANG_WARN_UNGUARDED_AVAILABILITY = YES_AGGRESSIVE;
				CLANG_WARN_UNREACHABLE_CODE = YES;
				CLANG_WARN__DUPLICATE_METHOD_MATCH = YES;
				COPY_PHASE_STRIP = NO;
				DEBUG_INFORMATION_FORMAT = "dwarf-with-dsym";
				ENABLE_NS_ASSERTIONS = NO;
				ENABLE_STRICT_OBJC_MSGSEND = YES;
				GCC_C_LANGUAGE_STANDARD = gnu11;
				GCC_NO_COMMON_BLOCKS = YES;
				GCC_WARN_64_TO_32_BIT_CONVERSION = YES;
				GCC_WARN_ABOUT_RETURN_TYPE = YES_ERROR;
				GCC_WARN_UNDECLARED_SELECTOR = YES;
				GCC_WARN_UNINITIALIZED_AUTOS = YES_AGGRESSIVE;
				GCC_WARN_UNUSED_FUNCTION = YES;
				GCC_WARN_UNUSED_VARIABLE = YES;
				IPHONEOS_DEPLOYMENT_TARGET = 13.1;
				MTL_ENABLE_DEBUG_INFO = NO;
				MTL_FAST_MATH = YES;
				SDKROOT = iphoneos;
				SWIFT_COMPILATION_MODE = wholemodule;
				SWIFT_OPTIMIZATION_LEVEL = "-O";
				VALIDATE_PRODUCT = YES;
			};
			name = Release;
		};
		F2FF3B3F2360A2F30088E8FC /* Debug */ = {
			isa = XCBuildConfiguration;
			baseConfigurationReference = D76020074D9618FC28F58FB2 /* Pods-HomeScreen.debug.xcconfig */;
			buildSettings = {
				ASSETCATALOG_COMPILER_APPICON_NAME = AppIcon;
				CODE_SIGN_STYLE = Automatic;
				FRAMEWORK_SEARCH_PATHS = (
					"$(inherited)",
					"$(PROJECT_DIR)/Pods/Highcharts/development",
				);
				INFOPLIST_FILE = HomeScreen/Info.plist;
				LD_RUNPATH_SEARCH_PATHS = (
					"$(inherited)",
					"@executable_path/Frameworks",
				);
				PRODUCT_BUNDLE_IDENTIFIER = br.com.ios.home.screen;
				PRODUCT_NAME = HomeScreen;
				SWIFT_VERSION = 5.0;
				TARGETED_DEVICE_FAMILY = "1,2";
			};
			name = Debug;
		};
		F2FF3B402360A2F30088E8FC /* Release */ = {
			isa = XCBuildConfiguration;
			baseConfigurationReference = C7732136AF016C5F5F489C75 /* Pods-HomeScreen.release.xcconfig */;
			buildSettings = {
				ASSETCATALOG_COMPILER_APPICON_NAME = AppIcon;
				CODE_SIGN_STYLE = Automatic;
				FRAMEWORK_SEARCH_PATHS = (
					"$(inherited)",
					"$(PROJECT_DIR)/Pods/Highcharts/development",
				);
				INFOPLIST_FILE = HomeScreen/Info.plist;
				LD_RUNPATH_SEARCH_PATHS = (
					"$(inherited)",
					"@executable_path/Frameworks",
				);
				PRODUCT_BUNDLE_IDENTIFIER = br.com.ios.home.screen;
				PRODUCT_NAME = HomeScreen;
				SWIFT_VERSION = 5.0;
				TARGETED_DEVICE_FAMILY = "1,2";
			};
			name = Release;
		};
/* End XCBuildConfiguration section */

/* Begin XCConfigurationList section */
		F2FF3B252360A2F10088E8FC /* Build configuration list for PBXProject "HomeScreen" */ = {
			isa = XCConfigurationList;
			buildConfigurations = (
				F2FF3B3C2360A2F30088E8FC /* Debug */,
				F2FF3B3D2360A2F30088E8FC /* Release */,
			);
			defaultConfigurationIsVisible = 0;
			defaultConfigurationName = Release;
		};
		F2FF3B3E2360A2F30088E8FC /* Build configuration list for PBXNativeTarget "HomeScreen" */ = {
			isa = XCConfigurationList;
			buildConfigurations = (
				F2FF3B3F2360A2F30088E8FC /* Debug */,
				F2FF3B402360A2F30088E8FC /* Release */,
			);
			defaultConfigurationIsVisible = 0;
			defaultConfigurationName = Release;
		};
/* End XCConfigurationList section */
	};
	rootObject = F2FF3B222360A2F10088E8FC /* Project object */;
}
